<Solution>
  <Folder Name="/src/" />
  <Folder Name="/src/Aspire/">
    <Project Path="src/Aspire/SmartShop.AppHost/SmartShop.AppHost.csproj" />
    <Project Path="src/Aspire/SmartShop.ServiceDefaults/SmartShop.ServiceDefaults.csproj" />
  </Folder>
  <Folder Name="/src/BuildingBlocks/">
    <Project Path="src/BuildingBlocks/SmartShop.Contracts/SmartShop.Contracts.csproj" />
    <Project Path="src/BuildingBlocks/SmartShop.Infrastructure/SmartShop.Infrastructure.csproj" />
    <Project Path="src/BuildingBlocks/SmartShop.SharedKernel/SmartShop.SharedKernel.csproj" />
  </Folder>
  <Folder Name="/src/Clients/">
    <Project Path="src/Clients/SmartShop.UI/SmartShop.UI.csproj" />
    <Project Path="src/Clients/SmartShop.Web.Client/SmartShop.Web.Client.csproj" />
    <Project Path="src/Clients/SmartShop.Web/SmartShop.Web.csproj" />
  </Folder>
  <Folder Name="/src/Hosts/">
    <Project Path="src/Hosts/SmartShop.Api/SmartShop.Api.csproj" />
    <Project Path="src/Hosts/SmartShop.Bootstrap/SmartShop.Bootstrap.csproj" />
    <Project Path="src/Hosts/SmartShop.Worker/SmartShop.Worker.csproj" />
  </Folder>
  <Folder Name="/src/Modules/">
    <Project Path="src/Modules/SmartShop.Modules.Catalog/SmartShop.Modules.Catalog.csproj" />
    <Project Path="src/Modules/SmartShop.Modules.Identity/SmartShop.Modules.Identity.csproj" />
    <Project Path="src/Modules/SmartShop.Modules.Media/SmartShop.Modules.Media.csproj" />
    <Project Path="src/Modules/SmartShop.Modules.Notifications/SmartShop.Modules.Notifications.csproj" />
    <Project Path="src/Modules/SmartShop.Modules.Ordering/SmartShop.Modules.Ordering.csproj" />
    <Project Path="src/Modules/SmartShop.Modules.Payments/SmartShop.Modules.Payments.csproj" />
    <Project Path="src/Modules/SmartShop.Modules.Plants/SmartShop.Modules.Plants.csproj" />
    <Project Path="src/Modules/SmartShop.Modules.Search/SmartShop.Modules.Search.csproj" />
    <Project Path="src/Modules/SmartShop.Modules.Shops/SmartShop.Modules.Shops.csproj" />
  </Folder>
  <Folder Name="/tests/">
    <Project Path="tests/SmartShop.ArchitectureTests/SmartShop.ArchitectureTests.csproj" />
    <Project Path="tests/SmartShop.IntegrationTests/SmartShop.IntegrationTests.csproj" />
    <Project Path="tests/SmartShop.UnitTests/SmartShop.UnitTests.csproj" />
  </Folder>
</Solution>
